
Microsoft Visual Studio Solution File, Format Version 12.00
Project("{FAE04EC0-301F-11D3-BF4B-00C04F79EFBC}") = "LeetCodeTracker.Api", "LeetCodeTracker.Api\LeetCodeTracker.Api.csproj", "{F47AEDFD-1D06-43FC-B6F3-C02EB959FF04}"
EndProject
Global
	GlobalSection(SolutionConfigurationPlatforms) = preSolution
		Debug|Any CPU = Debug|Any CPU
		Release|Any CPU = Release|Any CPU
	EndGlobalSection
	GlobalSection(ProjectConfigurationPlatforms) = postSolution
		{F47AEDFD-1D06-43FC-B6F3-C02EB959FF04}.Debug|Any CPU.ActiveCfg = Debug|Any CPU
		{F47AEDFD-1D06-43FC-B6F3-C02EB959FF04}.Debug|Any CPU.Build.0 = Debug|Any CPU
		{F47AEDFD-1D06-43FC-B6F3-C02EB959FF04}.Release|Any CPU.ActiveCfg = Release|Any CPU
		{F47AEDFD-1D06-43FC-B6F3-C02EB959FF04}.Release|Any CPU.Build.0 = Release|Any CPU
	EndGlobalSection
EndGlobal
